
Microsoft Visual Studio Solution File, Format Version 12.00
# Visual Studio Version 16
VisualStudioVersion = 16.0.30804.86
MinimumVisualStudioVersion = 10.0.40219.1
Project("{9A19103F-16F7-4668-BE54-9A1E7A4F7556}") = "QuestPond", "QuestPond.csproj", "{021DEA1B-C3F8-447D-A52B-5222C8C5FC0C}"
EndProject
Global
	GlobalSection(SolutionConfigurationPlatforms) = preSolution
		Debug|Any CPU = Debug|Any CPU
		Release|Any CPU = Release|Any CPU
	EndGlobalSection
	GlobalSection(ProjectConfigurationPlatforms) = postSolution
		{021DEA1B-C3F8-447D-A52B-5222C8C5FC0C}.Debug|Any CPU.ActiveCfg = Debug|Any CPU
		{021DEA1B-C3F8-447D-A52B-5222C8C5FC0C}.Debug|Any CPU.Build.0 = Debug|Any CPU
		{021DEA1B-C3F8-447D-A52B-5222C8C5FC0C}.Release|Any CPU.ActiveCfg = Release|Any CPU
		{021DEA1B-C3F8-447D-A52B-5222C8C5FC0C}.Release|Any CPU.Build.0 = Release|Any CPU
	EndGlobalSection
	GlobalSection(SolutionProperties) = preSolution
		HideSolutionNode = FALSE
	EndGlobalSection
	GlobalSection(ExtensibilityGlobals) = postSolution
		SolutionGuid = {2AF83883-71D9-4274-9EE1-55D8E49361FA}
	EndGlobalSection
EndGlobal
